
Microsoft Visual Studio Solution File, Format Version 12.00
# Visual Studio 14
VisualStudioVersion = 14.0.23107.0
MinimumVisualStudioVersion = 10.0.40219.1
Project("{E24C65DC-7377-472B-9ABA-BC803B73C61A}") = "DotNetHedgeEmClient", ".", "{9267375B-336D-4D13-B5E0-7D9F6B99791B}"
	ProjectSection(WebsiteProperties) = preProject
		TargetFrameworkMoniker = ".NETFramework,Version%3Dv4.0"
		Debug.AspNetCompiler.VirtualPath = "/hedgeem_webapp_client"
		Debug.AspNetCompiler.PhysicalPath = "..\DotNetHedgeEmClient\"
		Debug.AspNetCompiler.TargetPath = "PrecompiledWeb\hedgeem_webapp_client\"
		Debug.AspNetCompiler.Updateable = "true"
		Debug.AspNetCompiler.ForceOverwrite = "true"
		Debug.AspNetCompiler.FixedNames = "false"
		Debug.AspNetCompiler.Debug = "True"
		Release.AspNetCompiler.VirtualPath = "/hedgeem_webapp_client"
		Release.AspNetCompiler.PhysicalPath = "..\DotNetHedgeEmClient\"
		Release.AspNetCompiler.TargetPath = "PrecompiledWeb\hedgeem_webapp_client\"
		Release.AspNetCompiler.Updateable = "true"
		Release.AspNetCompiler.ForceOverwrite = "true"
		Release.AspNetCompiler.FixedNames = "false"
		Release.AspNetCompiler.Debug = "False"
		VWDPort = "2574"
		VWDDynamicPort = "false"
		SlnRelativePath = "..\DotNetHedgeEmClient\"
	EndProjectSection
EndProject
Global
	GlobalSection(SolutionConfigurationPlatforms) = preSolution
		Debug|Any CPU = Debug|Any CPU
	EndGlobalSection
	GlobalSection(ProjectConfigurationPlatforms) = postSolution
		{9267375B-336D-4D13-B5E0-7D9F6B99791B}.Debug|Any CPU.ActiveCfg = Debug|Any CPU
		{9267375B-336D-4D13-B5E0-7D9F6B99791B}.Debug|Any CPU.Build.0 = Debug|Any CPU
	EndGlobalSection
	GlobalSection(SolutionProperties) = preSolution
		HideSolutionNode = FALSE
	EndGlobalSection
EndGlobal
